{
  "name": "05-pruebaLocal",
  "lockfileVersion": 3,
  "requires": true,
  "packages": {
    "": {
      "dependencies": {
        "prueba20250108": "file:../04-npmModules"
      }
    },
    "../04-npmModules": {
      "name": "prueba20250108",
      "version": "1.0.0",
      "license": "MIT",
      "dependencies": {
        "colors": "^1.4.0"
      }
    },
    "node_modules/prueba20250108": {
      "resolved": "../04-npmModules",
      "link": true
    }
  }
}
